
Microsoft Visual Studio Solution File, Format Version 10.00
# Visual Studio 2008
Project("{FAE04EC0-301F-11D3-BF4B-00C04F79EFBC}") = "WmWeiXin", "WmWeiXin\WmWeiXin.csproj", "{43165B2F-536A-4E5D-A50E-670182937761}"
EndProject
Global
	GlobalSection(SolutionConfigurationPlatforms) = preSolution
		Debug|Any CPU = Debug|Any CPU
		Release|Any CPU = Release|Any CPU
	EndGlobalSection
	GlobalSection(ProjectConfigurationPlatforms) = postSolution
		{43165B2F-536A-4E5D-A50E-670182937761}.Debug|Any CPU.ActiveCfg = Debug|Any CPU
		{43165B2F-536A-4E5D-A50E-670182937761}.Debug|Any CPU.Build.0 = Debug|Any CPU
		{43165B2F-536A-4E5D-A50E-670182937761}.Release|Any CPU.ActiveCfg = Release|Any CPU
		{43165B2F-536A-4E5D-A50E-670182937761}.Release|Any CPU.Build.0 = Release|Any CPU
	EndGlobalSection
	GlobalSection(SolutionProperties) = preSolution
		HideSolutionNode = FALSE
	EndGlobalSection
EndGlobal
